# This file is autogenerated, do not edit; changes may be undone by the next 'dep ensure'.


[[projects]]
  branch = "go1"
  digest = "1:1651bce2d880824f4776b2cddebfe68f4d6d3b2d722e98f7272e7c2a8ef9761c"
  name = "github.com/alphazero/Go-Redis"
  packages = ["."]
  pruneopts = "UT"
  revision = "a0637b1543645181061469efea75f57ad2e3f23a"

[[projects]]
  digest = "1:80057945464ffb5b0da1f026beb8df0e8dbd098eaf771a349291bed2cd29a83e"
  name = "github.com/fsnotify/fsnotify"
  packages = ["."]
  pruneopts = "UT"
  revision = "45d7d09e39ef4ac08d493309fa031790c15bfe8a"
  version = "v1.4.9"

[[projects]]
  digest = "1:e3b25b60c5598d88c45b25d85a76816d0a81fc3fd46c00791136614c1183fc0b"
  name = "github.com/go-sql-driver/mysql"
  packages = ["."]
  pruneopts = "UT"
  revision = "bcc459a906419e2890a50fc2c99ea6dd927a88f2"
  version = "v1.6.0"

[[projects]]
  digest = "1:517c4dd8b618aa9053dfde13c4391dff6e43f7445c2d2b394c0cb9861ba209c8"
  name = "github.com/golang/snappy"
  packages = ["."]
  pruneopts = "UT"
  revision = "674baa8c7fc30da5df3074a459494a7e6b427dff"
  version = "v0.0.3"

[[projects]]
  digest = "1:c0d19ab64b32ce9fe5cf4ddceba78d5bc9807f0016db6b1183599da3dcc24d10"
  name = "github.com/hashicorp/hcl"
  packages = [
    ".",
    "hcl/ast",
    "hcl/parser",
    "hcl/printer",
    "hcl/scanner",
    "hcl/strconv",
    "hcl/token",
    "json/parser",
    "json/scanner",
    "json/token",
  ]
  pruneopts = "UT"
  revision = "8cb6e5b959231cc1119e43259c4a608f9c51a241"
  version = "v1.0.0"

[[projects]]
  branch = "master"
  digest = "1:403c6c64bcff5cf2565d9842599973a7c1edef98f51e938d4260fb0a177f180e"
  name = "github.com/joaosoft/auth-types"
  packages = [
    "basic",
    "jwt",
  ]
  pruneopts = "UT"
  revision = "9b1bbd776f4217aa97bc5f74316fffc6dd0b9c6e"

[[projects]]
  branch = "master"
  digest = "1:0092e94dba11e26f6124f9b3251795d29692fc033ab0cfbf81633fd1ff4d707e"
  name = "github.com/joaosoft/color"
  packages = ["."]
  pruneopts = "UT"
  revision = "17caec6046388cea5751f441ef6b06a7a572abf2"

[[projects]]
  branch = "master"
  digest = "1:a7055fbbe48bc55b20081f3c50c1723e06101da22231798478458848d52b50a2"
  name = "github.com/joaosoft/dbr"
  packages = ["."]
  pruneopts = "UT"
  revision = "466efb8a87b60b34bbe8725c3dcb84674f1307b7"

[[projects]]
  branch = "master"
  digest = "1:1074b00958a2c569a9e40574507f899fe52181b8dd267e2e02c86982e54f2c5b"
  name = "github.com/joaosoft/errors"
  packages = ["."]
  pruneopts = "UT"
  revision = "8e002061f860c944f3fce9f8a80156c639ad1b29"

[[projects]]
  branch = "master"
  digest = "1:3909fc0a8d4735a94e65339f68b35aae8b4bdb32898c25162b5974982dd439ff"
  name = "github.com/joaosoft/json"
  packages = ["."]
  pruneopts = "UT"
  revision = "701cae3460d106471ec75ae985b3604fc061a26b"

[[projects]]
  branch = "master"
  digest = "1:0b4f1442a553f26421a985b988ebf3c237395c51a72e21abeb0ccf2e90e59920"
  name = "github.com/joaosoft/logger"
  packages = ["."]
  pruneopts = "UT"
  revision = "7f5013a1da373a321e3b763793069e7f6dd14305"

[[projects]]
  branch = "master"
  digest = "1:a29c7bf5e434847aa96edb07e3ce365cef6222e4dda8f5b2eb2ccfa92f42dbce"
  name = "github.com/joaosoft/manager"
  packages = ["."]
  pruneopts = "UT"
  revision = "709f63221c5d651451225d072163238c9fa656c7"

[[projects]]
  branch = "master"
  digest = "1:1073c532423e9b1642288c574e8b6605068f16a9909fe53fcdef1045265e93ec"
  name = "github.com/joaosoft/migration"
  packages = ["services"]
  pruneopts = "UT"
  revision = "119fea143ca795fdc84951a77f8f7e288b555033"

[[projects]]
  branch = "master"
  digest = "1:0267557b05ffc846a711ba9433d592354d1b349bfe1595f28eaaef123bdd8975"
  name = "github.com/joaosoft/validator"
  packages = ["."]
  pruneopts = "UT"
  revision = "7f0d9e6035073ab1953300380aee9c6f97295316"

[[projects]]
  branch = "master"
  digest = "1:710a4abf35a6121dbb5a484643de29b59ee6c5fc0beedc37b69e70dc1c8253a9"
  name = "github.com/joaosoft/web"
  packages = ["."]
  pruneopts = "UT"
  revision = "f9d819b51caa5284298cb9b8a97d1363e3821bdd"

[[projects]]
  branch = "master"
  digest = "1:a371f7738e04bd2ab010ac4a23550eef6f41b90ecbc008ef896058496c1c5fba"
  name = "github.com/joaosoft/writers"
  packages = ["."]
  pruneopts = "UT"
  revision = "310c8522699ddd9cbcaac2d0eca833c2afc1c037"

[[projects]]
  digest = "1:bf618941b014c2a86e4a6f39d4a26541c06fc63387fc50d4694d67eac2151f4a"
  name = "github.com/labstack/echo"
  packages = ["."]
  pruneopts = "UT"
  revision = "38772c686c76b501f94bd6cd5b77f5842e93b559"
  version = "v3.3.10"

[[projects]]
  digest = "1:9bc108827ac1d8783dea294f1ef07732fa4ca7d6e20518c04888a85828eba4ce"
  name = "github.com/labstack/gommon"
  packages = [
    "color",
    "log",
  ]
  pruneopts = "UT"
  revision = "4919956f6fb227b548f004da27c7c6b20fba499f"
  version = "v0.3.0"

[[projects]]
  digest = "1:c4a7e9f8fb3fc5f70c5a330109abae477b49d2d8c7691f5e387ef96168e56a4d"
  name = "github.com/lib/pq"
  packages = [
    ".",
    "oid",
    "scram",
  ]
  pruneopts = "UT"
  revision = "caa87158f59995a15e2057d80d586391f51333f2"
  version = "v1.10.1"

[[projects]]
  digest = "1:03d538738f78db8960b276c8cc1b90f53809290831a8daea2ceeaeccccbc585a"
  name = "github.com/magiconair/properties"
  packages = ["."]
  pruneopts = "UT"
  revision = "291b8266af1000c77a12ae6d4dde1145a028012f"
  version = "v1.8.5"

[[projects]]
  digest = "1:304d25ecc3f4ca39f894c959254d3f5fc6176276ccf1f874ded0cd441e2f964f"
  name = "github.com/mattn/go-colorable"
  packages = ["."]
  pruneopts = "UT"
  revision = "2e1b0c1546e0173c0907cf05c67b8ba29ed8b4d1"
  version = "v0.1.8"

[[projects]]
  digest = "1:0c58d31abe2a2ccb429c559b6292e7df89dcda675456fecc282fa90aa08273eb"
  name = "github.com/mattn/go-isatty"
  packages = ["."]
  pruneopts = "UT"
  revision = "7b513a986450394f7bbf1476909911b3aa3a55ce"
  version = "v0.0.12"

[[projects]]
  digest = "1:2a3c9556884d94bdbcdcdc62350f8cf466cf7eb39669fe7a0640f2600f61ceaf"
  name = "github.com/mitchellh/mapstructure"
  packages = ["."]
  pruneopts = "UT"
  revision = "8ebf2d61a8b4adcce25fc9fc9b76e8452a00672f"
  version = "v1.4.1"

[[projects]]
  digest = "1:a20520c30001f1d49ca07e26eafe5d8612ce5d7dac5abbdab754e14bb83c1b4e"
  name = "github.com/nsqio/go-nsq"
  packages = ["."]
  pruneopts = "UT"
  revision = "d7acddb4babdf3329ad415cc02b605a239011b4b"
  version = "v1.0.8"

[[projects]]
  digest = "1:db78c115f9bf7b6f1fa86d296d7e5593b6490ae7607959d9cdf186fb5d995b83"
  name = "github.com/pelletier/go-toml"
  packages = ["."]
  pruneopts = "UT"
  revision = "c893dbf25c73fac5239481e56c68239ded430fba"
  version = "v1.9.1"

[[projects]]
  branch = "master"
  digest = "1:a3b8912deeef29007fab9a13a9f21b9e9b59c621a2ed61e2fe7b37320a71fbd5"
  name = "github.com/satori/go.uuid"
  packages = ["."]
  pruneopts = "UT"
  revision = "b2ce2384e17bbe0c6d34077efa39dbab3e09123b"

[[projects]]
  digest = "1:9892d658619bf7f315a58e16a11abfe4aa26cca56d45441e8cc2bb25d4641b89"
  name = "github.com/spf13/afero"
  packages = [
    ".",
    "mem",
  ]
  pruneopts = "UT"
  revision = "bc94f58beda5dbff6f74599fcb1f1717c5b1c111"
  version = "v1.6.0"

[[projects]]
  digest = "1:ff4cd55a3666b6ea3a876c9e133bfb54d6c812e725409a773f2c94a0b3a92f4f"
  name = "github.com/spf13/cast"
  packages = ["."]
  pruneopts = "UT"
  revision = "1ffadf551085444af981432dd0f6d1160c11ec64"
  version = "v1.3.1"

[[projects]]
  digest = "1:1b753ec16506f5864d26a28b43703c58831255059644351bbcb019b843950900"
  name = "github.com/spf13/jwalterweatherman"
  packages = ["."]
  pruneopts = "UT"
  revision = "94f6ae3ed3bceceafa716478c5fbf8d29ca601a1"
  version = "v1.1.0"

[[projects]]
  digest = "1:524b71991fc7d9246cc7dc2d9e0886ccb97648091c63e30eef619e6862c955dd"
  name = "github.com/spf13/pflag"
  packages = ["."]
  pruneopts = "UT"
  revision = "2e9d26c8c37aae03e3f9d4e90b7116f5accb7cab"
  version = "v1.0.5"

[[projects]]
  digest = "1:b3027d4cb73b6576e8818c1012389dbcd8385e34bb8e4ee024891214c4338725"
  name = "github.com/spf13/viper"
  packages = ["."]
  pruneopts = "UT"
  revision = "3826be313591f83193f048520482a7b3cf17d506"
  version = "v1.7.1"

[[projects]]
  branch = "master"
  digest = "1:368dfded41048fc69ded3656c63480a98b95b5e9994798ac7a1b62f130048bda"
  name = "github.com/streadway/amqp"
  packages = ["."]
  pruneopts = "UT"
  revision = "e6b33f460591b0acb2f13b04ef9cf493720ffe17"

[[projects]]
  digest = "1:f4b32291cad5efac2bfdba89ccde6aa04618b62ce06c1a571da2dc4f3f2677fb"
  name = "github.com/subosito/gotenv"
  packages = ["."]
  pruneopts = "UT"
  revision = "2ef7124db659d49edac6aa459693a15ae36c671a"
  version = "v1.2.0"

[[projects]]
  digest = "1:c468422f334a6b46a19448ad59aaffdfc0a36b08fdcc1c749a0b29b6453d7e59"
  name = "github.com/valyala/bytebufferpool"
  packages = ["."]
  pruneopts = "UT"
  revision = "e746df99fe4a3986f4d4f79e13c1e0117ce9c2f7"
  version = "v1.0.0"

[[projects]]
  digest = "1:d724474523928294ece8cc97e8d2371f27c7e6d3068bfa9ace93bd3105b4fdbd"
  name = "github.com/valyala/fasttemplate"
  packages = ["."]
  pruneopts = "UT"
  revision = "2275c48ed3e40f01fa347e220be31070a89b6ad4"
  version = "v1.2.1"

[[projects]]
  branch = "master"
  digest = "1:699d068af7aaa15f3e0282632500301396f9a4b8181b12a1643aa49c0d78a7bc"
  name = "golang.org/x/crypto"
  packages = [
    "acme",
    "acme/autocert",
  ]
  pruneopts = "UT"
  revision = "c07d793c2f9aacf728fe68cbd7acd73adbd04159"

[[projects]]
  branch = "master"
  digest = "1:ed9d08ac2933714a1c3e51737d0db0be1ddd060b87b890387558824857463f14"
  name = "golang.org/x/net"
  packages = ["idna"]
  pruneopts = "UT"
  revision = "4163338589ed626ba11276b63facaef1f55349d4"

[[projects]]
  branch = "master"
  digest = "1:4f78336ad4b4d19bdac6ab457118af29d5c0b2631ac678fd5e45248f79b20bca"
  name = "golang.org/x/sys"
  packages = [
    "internal/unsafeheader",
    "unix",
  ]
  pruneopts = "UT"
  revision = "e8d321eab015fdac193488ca80676aafc248f81d"

[[projects]]
  digest = "1:d343bfab7897dd73ee9bf8172d1fc83d935b7512067856ed596aaf57a9345f3c"
  name = "golang.org/x/text"
  packages = [
    "collate",
    "collate/build",
    "internal/colltab",
    "internal/gen",
    "internal/language",
    "internal/language/compact",
    "internal/tag",
    "internal/triegen",
    "internal/ucd",
    "language",
    "secure/bidirule",
    "transform",
    "unicode/bidi",
    "unicode/cldr",
    "unicode/norm",
    "unicode/rangetable",
  ]
  pruneopts = "UT"
  revision = "e328d63cff14134669501e0e154e4f141c784322"
  version = "v0.3.6"

[[projects]]
  digest = "1:f7059e57af5fc848220ebfbfb61e4d333179a6a07e70bc01f7ae5bc873586537"
  name = "gopkg.in/ini.v1"
  packages = ["."]
  pruneopts = "UT"
  revision = "5e97220809ffaa826f787728501264e9114cb834"
  version = "v1.62.0"

[[projects]]
  digest = "1:5054a1f394226de9e6ddc47b0ba77e35092a4112f4a1cd9cb94aba1f5bdc3ec6"
  name = "gopkg.in/yaml.v2"
  packages = ["."]
  pruneopts = "UT"
  revision = "7649d4548cb53a614db133b2a8ac1f31859dda8c"
  version = "v2.4.0"

[solve-meta]
  analyzer-name = "dep"
  analyzer-version = 1
  input-imports = [
    "github.com/joaosoft/dbr",
    "github.com/joaosoft/errors",
    "github.com/joaosoft/logger",
    "github.com/joaosoft/manager",
    "github.com/joaosoft/migration/services",
    "github.com/joaosoft/validator",
    "github.com/joaosoft/web",
  ]
  solver-name = "gps-cdcl"
  solver-version = 1
